// !$*UTF8*$!
{
	archiveVersion = 1;
	classes = {
	};
	objectVersion = 50;
	objects = {

/* Begin PBXBuildFile section */
		7F1536F623E3761D00CD0660 /* secondViewController.swift in Sources */ = {isa = PBXBuildFile; fileRef = 7F1536F523E3761D00CD0660 /* secondViewController.swift */; };
		7FE8FEFA23E0C8B000E4785D /* AppDelegate.swift in Sources */ = {isa = PBXBuildFile; fileRef = 7FE8FEF923E0C8B000E4785D /* AppDelegate.swift */; };
		7FE8FEFC23E0C8B000E4785D /* ViewController.swift in Sources */ = {isa = PBXBuildFile; fileRef = 7FE8FEFB23E0C8B000E4785D /* ViewController.swift */; };
		7FE8FEFF23E0C8B000E4785D /* Main.storyboard in Resources */ = {isa = PBXBuildFile; fileRef = 7FE8FEFD23E0C8B000E4785D /* Main.storyboard */; };
		7FE8FF0123E0C8B400E4785D /* Assets.xcassets in Resources */ = {isa = PBXBuildFile; fileRef = 7FE8FF0023E0C8B400E4785D /* Assets.xcassets */; };
		7FE8FF0423E0C8B400E4785D /* LaunchScreen.storyboard in Resources */ = {isa = PBXBuildFile; fileRef = 7FE8FF0223E0C8B400E4785D /* LaunchScreen.storyboard */; };
		7FE8FF0F23E0C8B400E4785D /* HackwichTwoTests.swift in Sources */ = {isa = PBXBuildFile; fileRef = 7FE8FF0E23E0C8B400E4785D /* HackwichTwoTests.swift */; };
		7FE8FF1A23E0C8B400E4785D /* HackwichTwoUITests.swift in Sources */ = {isa = PBXBuildFile; fileRef = 7FE8FF1923E0C8B400E4785D /* HackwichTwoUITests.swift */; };
/* End PBXBuildFile section */

/* Begin PBXContainerItemProxy section */
		7FE8FF0B23E0C8B400E4785D /* PBXContainerItemProxy */ = {
			isa = PBXContainerItemProxy;
			containerPortal = 7FE8FEEE23E0C8B000E4785D /* Project object */;
			proxyType = 1;
			remoteGlobalIDString = 7FE8FEF523E0C8B000E4785D;
			remoteInfo = HackwichTwo;
		};
		7FE8FF1623E0C8B400E4785D /* PBXContainerItemProxy */ = {
			isa = PBXContainerItemProxy;
			containerPortal = 7FE8FEEE23E0C8B000E4785D /* Project object */;
			proxyType = 1;
			remoteGlobalIDString = 7FE8FEF523E0C8B000E4785D;
			remoteInfo = HackwichTwo;
		};
/* End PBXContainerItemProxy section */

/* Begin PBXFileReference section */
		7F1536F523E3761D00CD0660 /* secondViewController.swift */ = {isa = PBXFileReference; lastKnownFileType = sourcecode.swift; path = secondViewController.swift; sourceTree = "<group>"; };
		7FE8FEF623E0C8B000E4785D /* HackwichTwo.app */ = {isa = PBXFileReference; explicitFileType = wrapper.application; includeInIndex = 0; path = HackwichTwo.app; sourceTree = BUILT_PRODUCTS_DIR; };
		7FE8FEF923E0C8B000E4785D /* AppDelegate.swift */ = {isa = PBXFileReference; lastKnownFileType = sourcecode.swift; path = AppDelegate.swift; sourceTree = "<group>"; };
		7FE8FEFB23E0C8B000E4785D /* ViewController.swift */ = {isa = PBXFileReference; lastKnownFileType = sourcecode.swift; path = ViewController.swift; sourceTree = "<group>"; };
		7FE8FEFE23E0C8B000E4785D /* Base */ = {isa = PBXFileReference; lastKnownFileType = file.storyboard; name = Base; path = Base.lproj/Main.storyboard; sourceTree = "<group>"; };
		7FE8FF0023E0C8B400E4785D /* Assets.xcassets */ = {isa = PBXFileReference; lastKnownFileType = folder.assetcatalog; path = Assets.xcassets; sourceTree = "<group>"; };
		7FE8FF0323E0C8B400E4785D /* Base */ = {isa = PBXFileReference; lastKnownFileType = file.storyboard; name = Base; path = Base.lproj/LaunchScreen.storyboard; sourceTree = "<group>"; };
		7FE8FF0523E0C8B400E4785D /* Info.plist */ = {isa = PBXFileReference; lastKnownFileType = text.plist.xml; path = Info.plist; sourceTree = "<group>"; };
		7FE8FF0A23E0C8B400E4785D /* HackwichTwoTests.xctest */ = {isa = PBXFileReference; explicitFileType = wrapper.cfbundle; includeInIndex = 0; path = HackwichTwoTests.xctest; sourceTree = BUILT_PRODUCTS_DIR; };
		7FE8FF0E23E0C8B400E4785D /* HackwichTwoTests.swift */ = {isa = PBXFileReference; lastKnownFileType = sourcecode.swift; path = HackwichTwoTests.swift; sourceTree = "<group>"; };
		7FE8FF1023E0C8B400E4785D /* Info.plist */ = {isa = PBXFileReference; lastKnownFileType = text.plist.xml; path = Info.plist; sourceTree = "<group>"; };
		7FE8FF1523E0C8B400E4785D /* HackwichTwoUITests.xctest */ = {isa = PBXFileReference; explicitFileType = wrapper.cfbundle; includeInIndex = 0; path = HackwichTwoUITests.xctest; sourceTree = BUILT_PRODUCTS_DIR; };
		7FE8FF1923E0C8B400E4785D /* HackwichTwoUITests.swift */ = {isa = PBXFileReference; lastKnownFileType = sourcecode.swift; path = HackwichTwoUITests.swift; sourceTree = "<group>"; };
		7FE8FF1B23E0C8B400E4785D /* Info.plist */ = {isa = PBXFileReference; lastKnownFileType = text.plist.xml; path = Info.plist; sourceTree = "<group>"; };
/* End PBXFileReference section */

/* Begin PBXFrameworksBuildPhase section */
		7FE8FEF323E0C8B000E4785D /* Frameworks */ = {
			isa = PBXFrameworksBuildPhase;
			buildActionMask = 2147483647;
			files = (
			);
			runOnlyForDeploymentPostprocessing = 0;
		};
		7FE8FF0723E0C8B400E4785D /* Frameworks */ = {
			isa = PBXFrameworksBuildPhase;
			buildActionMask = 2147483647;
			files = (
			);
			runOnlyForDeploymentPostprocessing = 0;
		};
		7FE8FF1223E0C8B400E4785D /* Frameworks */ = {
			isa = PBXFrameworksBuildPhase;
			buildActionMask = 2147483647;
			files = (
			);
			runOnlyForDeploymentPostprocessing = 0;
		};
/* End PBXFrameworksBuildPhase section */

/* Begin PBXGroup section */
		7FE8FEED23E0C8B000E4785D = {
			isa = PBXGroup;
			children = (
				7FE8FEF823E0C8B000E4785D /* HackwichTwo */,
				7FE8FF0D23E0C8B400E4785D /* HackwichTwoTests */,
				7FE8FF1823E0C8B400E4785D /* HackwichTwoUITests */,
				7FE8FEF723E0C8B000E4785D /* Products */,
			);
			sourceTree = "<group>";
		};
		7FE8FEF723E0C8B000E4785D /* Products */ = {
			isa = PBXGroup;
			children = (
				7FE8FEF623E0C8B000E4785D /* HackwichTwo.app */,
				7FE8FF0A23E0C8B400E4785D /* HackwichTwoTests.xctest */,
				7FE8FF1523E0C8B400E4785D /* HackwichTwoUITests.xctest */,
			);
			name = Products;
			sourceTree = "<group>";
		};
		7FE8FEF823E0C8B000E4785D /* HackwichTwo */ = {
			isa = PBXGroup;
			children = (
				7F1536F523E3761D00CD0660 /* secondViewController.swift */,
				7FE8FEF923E0C8B000E4785D /* AppDelegate.swift */,
				7FE8FEFB23E0C8B000E4785D /* ViewController.swift */,
				7FE8FEFD23E0C8B000E4785D /* Main.storyboard */,
				7FE8FF0023E0C8B400E4785D /* Assets.xcassets */,
				7FE8FF0223E0C8B400E4785D /* LaunchScreen.storyboard */,
				7FE8FF0523E0C8B400E4785D /* Info.plist */,
			);
			path = HackwichTwo;
			sourceTree = "<group>";
		};
		7FE8FF0D23E0C8B400E4785D /* HackwichTwoTests */ = {
			isa = PBXGroup;
			children = (
				7FE8FF0E23E0C8B400E4785D /* HackwichTwoTests.swift */,
				7FE8FF1023E0C8B400E4785D /* Info.plist */,
			);
			path = HackwichTwoTests;
			sourceTree = "<group>";
		};
		7FE8FF1823E0C8B400E4785D /* HackwichTwoUITests */ = {
			isa = PBXGroup;
			children = (
				7FE8FF1923E0C8B400E4785D /* HackwichTwoUITests.swift */,
				7FE8FF1B23E0C8B400E4785D /* Info.plist */,
			);
			path = HackwichTwoUITests;
			sourceTree = "<group>";
		};
/* End PBXGroup section */

/* Begin PBXNativeTarget section */
		7FE8FEF523E0C8B000E4785D /* HackwichTwo */ = {
			isa = PBXNativeTarget;
			buildConfigurationList = 7FE8FF1E23E0C8B400E4785D /* Build configuration list for PBXNativeTarget "HackwichTwo" */;
			buildPhases = (
				7FE8FEF223E0C8B000E4785D /* Sources */,
				7FE8FEF323E0C8B000E4785D /* Frameworks */,
				7FE8FEF423E0C8B000E4785D /* Resources */,
			);
			buildRules = (
			);
			dependencies = (
			);
			name = HackwichTwo;
			productName = HackwichTwo;
			productReference = 7FE8FEF623E0C8B000E4785D /* HackwichTwo.app */;
			productType = "com.apple.product-type.application";
		};
		7FE8FF0923E0C8B400E4785D /* HackwichTwoTests */ = {
			isa = PBXNativeTarget;
			buildConfigurationList = 7FE8FF2123E0C8B400E4785D /* Build configuration list for PBXNativeTarget "HackwichTwoTests" */;
			buildPhases = (
				7FE8FF0623E0C8B400E4785D /* Sources */,
				7FE8FF0723E0C8B400E4785D /* Frameworks */,
				7FE8FF0823E0C8B400E4785D /* Resources */,
			);
			buildRules = (
			);
			dependencies = (
				7FE8FF0C23E0C8B400E4785D /* PBXTargetDependency */,
			);
			name = HackwichTwoTests;
			productName = HackwichTwoTests;
			productReference = 7FE8FF0A23E0C8B400E4785D /* HackwichTwoTests.xctest */;
			productType = "com.apple.product-type.bundle.unit-test";
		};
		7FE8FF1423E0C8B400E4785D /* HackwichTwoUITests */ = {
			isa = PBXNativeTarget;
			buildConfigurationList = 7FE8FF2423E0C8B400E4785D /* Build configuration list for PBXNativeTarget "HackwichTwoUITests" */;
			buildPhases = (
				7FE8FF1123E0C8B400E4785D /* Sources */,
				7FE8FF1223E0C8B400E4785D /* Frameworks */,
				7FE8FF1323E0C8B400E4785D /* Resources */,
			);
			buildRules = (
			);
			dependencies = (
				7FE8FF1723E0C8B400E4785D /* PBXTargetDependency */,
			);
			name = HackwichTwoUITests;
			productName = HackwichTwoUITests;
			productReference = 7FE8FF1523E0C8B400E4785D /* HackwichTwoUITests.xctest */;
			productType = "com.apple.product-type.bundle.ui-testing";
		};
/* End PBXNativeTarget section */

/* Begin PBXProject section */
		7FE8FEEE23E0C8B000E4785D /* Project object */ = {
			isa = PBXProject;
			attributes = {
				LastSwiftUpdateCheck = 1010;
				LastUpgradeCheck = 1010;
				ORGANIZATIONNAME = "Oliver Corpuz Jr";
				TargetAttributes = {
					7FE8FEF523E0C8B000E4785D = {
						CreatedOnToolsVersion = 10.1;
					};
					7FE8FF0923E0C8B400E4785D = {
						CreatedOnToolsVersion = 10.1;
						TestTargetID = 7FE8FEF523E0C8B000E4785D;
					};
					7FE8FF1423E0C8B400E4785D = {
						CreatedOnToolsVersion = 10.1;
						TestTargetID = 7FE8FEF523E0C8B000E4785D;
					};
				};
			};
			buildConfigurationList = 7FE8FEF123E0C8B000E4785D /* Build configuration list for PBXProject "HackwichTwo" */;
			compatibilityVersion = "Xcode 9.3";
			developmentRegion = en;
			hasScannedForEncodings = 0;
			knownRegions = (
				en,
				Base,
			);
			mainGroup = 7FE8FEED23E0C8B000E4785D;
			productRefGroup = 7FE8FEF723E0C8B000E4785D /* Products */;
			projectDirPath = "";
			projectRoot = "";
			targets = (
				7FE8FEF523E0C8B000E4785D /* HackwichTwo */,
				7FE8FF0923E0C8B400E4785D /* HackwichTwoTests */,
				7FE8FF1423E0C8B400E4785D /* HackwichTwoUITests */,
			);
		};
/* End PBXProject section */

/* Begin PBXResourcesBuildPhase section */
		7FE8FEF423E0C8B000E4785D /* Resources */ = {
			isa = PBXResourcesBuildPhase;
			buildActionMask = 2147483647;
			files = (
				7FE8FF0423E0C8B400E4785D /* LaunchScreen.storyboard in Resources */,
				7FE8FF0123E0C8B400E4785D /* Assets.xcassets in Resources */,
				7FE8FEFF23E0C8B000E4785D /* Main.storyboard in Resources */,
			);
			runOnlyForDeploymentPostprocessing = 0;
		};
		7FE8FF0823E0C8B400E4785D /* Resources */ = {
			isa = PBXResourcesBuildPhase;
			buildActionMask = 2147483647;
			files = (
			);
			runOnlyForDeploymentPostprocessing = 0;
		};
		7FE8FF1323E0C8B400E4785D /* Resources */ = {
			isa = PBXResourcesBuildPhase;
			buildActionMask = 2147483647;
			files = (
			);
			runOnlyForDeploymentPostprocessing = 0;
		};
/* End PBXResourcesBuildPhase section */

/* Begin PBXSourcesBuildPhase section */
		7FE8FEF223E0C8B000E4785D /* Sources */ = {
			isa = PBXSourcesBuildPhase;
			buildActionMask = 2147483647;
			files = (
				7FE8FEFC23E0C8B000E4785D /* ViewController.swift in Sources */,
				7F1536F623E3761D00CD0660 /* secondViewController.swift in Sources */,
				7FE8FEFA23E0C8B000E4785D /* AppDelegate.swift in Sources */,
			);
			runOnlyForDeploymentPostprocessing = 0;
		};
		7FE8FF0623E0C8B400E4785D /* Sources */ = {
			isa = PBXSourcesBuildPhase;
			buildActionMask = 2147483647;
			files = (
				7FE8FF0F23E0C8B400E4785D /* HackwichTwoTests.swift in Sources */,
			);
			runOnlyForDeploymentPostprocessing = 0;
		};
		7FE8FF1123E0C8B400E4785D /* Sources */ = {
			isa = PBXSourcesBuildPhase;
			buildActionMask = 2147483647;
			files = (
				7FE8FF1A23E0C8B400E4785D /* HackwichTwoUITests.swift in Sources */,
			);
			runOnlyForDeploymentPostprocessing = 0;
		};
/* End PBXSourcesBuildPhase section */

/* Begin PBXTargetDependency section */
		7FE8FF0C23E0C8B400E4785D /* PBXTargetDependency */ = {
			isa = PBXTargetDependency;
			target = 7FE8FEF523E0C8B000E4785D /* HackwichTwo */;
			targetProxy = 7FE8FF0B23E0C8B400E4785D /* PBXContainerItemProxy */;
		};
		7FE8FF1723E0C8B400E4785D /* PBXTargetDependency */ = {
			isa = PBXTargetDependency;
			target = 7FE8FEF523E0C8B000E4785D /* HackwichTwo */;
			targetProxy = 7FE8FF1623E0C8B400E4785D /* PBXContainerItemProxy */;
		};
/* End PBXTargetDependency section */

/* Begin PBXVariantGroup section */
		7FE8FEFD23E0C8B000E4785D /* Main.storyboard */ = {
			isa = PBXVariantGroup;
			children = (
				7FE8FEFE23E0C8B000E4785D /* Base */,
			);
			name = Main.storyboard;
			sourceTree = "<group>";
		};
		7FE8FF0223E0C8B400E4785D /* LaunchScreen.storyboard */ = {
			isa = PBXVariantGroup;
			children = (
				7FE8FF0323E0C8B400E4785D /* Base */,
			);
			name = LaunchScreen.storyboard;
			sourceTree = "<group>";
		};
/* End PBXVariantGroup section */

/* Begin XCBuildConfiguration section */
		7FE8FF1C23E0C8B400E4785D /* Debug */ = {
			isa = XCBuildConfiguration;
			buildSettings = {
				ALWAYS_SEARCH_USER_PATHS = NO;
				CLANG_ANALYZER_NONNULL = YES;
				CLANG_ANALYZER_NUMBER_OBJECT_CONVERSION = YES_AGGRESSIVE;
				CLANG_CXX_LANGUAGE_STANDARD = "gnu++14";
				CLANG_CXX_LIBRARY = "libc++";
				CLANG_ENABLE_MODULES = YES;
				CLANG_ENABLE_OBJC_ARC = YES;
				CLANG_ENABLE_OBJC_WEAK = YES;
				CLANG_WARN_BLOCK_CAPTURE_AUTORELEASING = YES;
				CLANG_WARN_BOOL_CONVERSION = YES;
				CLANG_WARN_COMMA = YES;
				CLANG_WARN_CONSTANT_CONVERSION = YES;
				CLANG_WARN_DEPRECATED_OBJC_IMPLEMENTATIONS = YES;
				CLANG_WARN_DIRECT_OBJC_ISA_USAGE = YES_ERROR;
				CLANG_WARN_DOCUMENTATION_COMMENTS = YES;
				CLANG_WARN_EMPTY_BODY = YES;
				CLANG_WARN_ENUM_CONVERSION = YES;
				CLANG_WARN_INFINITE_RECURSION = YES;
				CLANG_WARN_INT_CONVERSION = YES;
				CLANG_WARN_NON_LITERAL_NULL_CONVERSION = YES;
				CLANG_WARN_OBJC_IMPLICIT_RETAIN_SELF = YES;
				CLANG_WARN_OBJC_LITERAL_CONVERSION = YES;
				CLANG_WARN_OBJC_ROOT_CLASS = YES_ERROR;
				CLANG_WARN_RANGE_LOOP_ANALYSIS = YES;
				CLANG_WARN_STRICT_PROTOTYPES = YES;
				CLANG_WARN_SUSPICIOUS_MOVE = YES;
				CLANG_WARN_UNGUARDED_AVAILABILITY = YES_AGGRESSIVE;
				CLANG_WARN_UNREACHABLE_CODE = YES;
				CLANG_WARN__DUPLICATE_METHOD_MATCH = YES;
				CODE_SIGN_IDENTITY = "iPhone Developer";
				COPY_PHASE_STRIP = NO;
				DEBUG_INFORMATION_FORMAT = dwarf;
				ENABLE_STRICT_OBJC_MSGSEND = YES;
				ENABLE_TESTABILITY = YES;
				GCC_C_LANGUAGE_STANDARD = gnu11;
				GCC_DYNAMIC_NO_PIC = NO;
				GCC_NO_COMMON_BLOCKS = YES;
				GCC_OPTIMIZATION_LEVEL = 0;
				GCC_PREPROCESSOR_DEFINITIONS = (
					"DEBUG=1",
					"$(inherited)",
				);
				GCC_WARN_64_TO_32_BIT_CONVERSION = YES;
				GCC_WARN_ABOUT_RETURN_TYPE = YES_ERROR;
				GCC_WARN_UNDECLARED_SELECTOR = YES;
				GCC_WARN_UNINITIALIZED_AUTOS = YES_AGGRESSIVE;
				GCC_WARN_UNUSED_FUNCTION = YES;
				GCC_WARN_UNUSED_VARIABLE = YES;
				IPHONEOS_DEPLOYMENT_TARGET = 12.1;
				MTL_ENABLE_DEBUG_INFO = INCLUDE_SOURCE;
				MTL_FAST_MATH = YES;
				ONLY_ACTIVE_ARCH = YES;
				SDKROOT = iphoneos;
				SWIFT_ACTIVE_COMPILATION_CONDITIONS = DEBUG;
				SWIFT_OPTIMIZATION_LEVEL = "-Onone";
			};
			name = Debug;
		};
		7FE8FF1D23E0C8B400E4785D /* Release */ = {
			isa = XCBuildConfiguration;
			buildSettings = {
				ALWAYS_SEARCH_USER_PATHS = NO;
				CLANG_ANALYZER_NONNULL = YES;
				CLANG_ANALYZER_NUMBER_OBJECT_CONVERSION = YES_AGGRESSIVE;
				CLANG_CXX_LANGUAGE_STANDARD = "gnu++14";
				CLANG_CXX_LIBRARY = "libc++";
				CLANG_ENABLE_MODULES = YES;
				CLANG_ENABLE_OBJC_ARC = YES;
				CLANG_ENABLE_OBJC_WEAK = YES;
				CLANG_WARN_BLOCK_CAPTURE_AUTORELEASING = YES;
				CLANG_WARN_BOOL_CONVERSION = YES;
				CLANG_WARN_COMMA = YES;
				CLANG_WARN_CONSTANT_CONVERSION = YES;
				CLANG_WARN_DEPRECATED_OBJC_IMPLEMENTATIONS = YES;
				CLANG_WARN_DIRECT_OBJC_ISA_USAGE = YES_ERROR;
				CLANG_WARN_DOCUMENTATION_COMMENTS = YES;
				CLANG_WARN_EMPTY_BODY = YES;
				CLANG_WARN_ENUM_CONVERSION = YES;
				CLANG_WARN_INFINITE_RECURSION = YES;
				CLANG_WARN_INT_CONVERSION = YES;
				CLANG_WARN_NON_LITERAL_NULL_CONVERSION = YES;
				CLANG_WARN_OBJC_IMPLICIT_RETAIN_SELF = YES;
				CLANG_WARN_OBJC_LITERAL_CONVERSION = YES;
				CLANG_WARN_OBJC_ROOT_CLASS = YES_ERROR;
				CLANG_WARN_RANGE_LOOP_ANALYSIS = YES;
				CLANG_WARN_STRICT_PROTOTYPES = YES;
				CLANG_WARN_SUSPICIOUS_MOVE = YES;
				CLANG_WARN_UNGUARDED_AVAILABILITY = YES_AGGRESSIVE;
				CLANG_WARN_UNREACHABLE_CODE = YES;
				CLANG_WARN__DUPLICATE_METHOD_MATCH = YES;
				CODE_SIGN_IDENTITY = "iPhone Developer";
				COPY_PHASE_STRIP = NO;
				DEBUG_INFORMATION_FORMAT = "dwarf-with-dsym";
				ENABLE_NS_ASSERTIONS = NO;
				ENABLE_STRICT_OBJC_MSGSEND = YES;
				GCC_C_LANGUAGE_STANDARD = gnu11;
				GCC_NO_COMMON_BLOCKS = YES;
				GCC_WARN_64_TO_32_BIT_CONVERSION = YES;
				GCC_WARN_ABOUT_RETURN_TYPE = YES_ERROR;
				GCC_WARN_UNDECLARED_SELECTOR = YES;
				GCC_WARN_UNINITIALIZED_AUTOS = YES_AGGRESSIVE;
				GCC_WARN_UNUSED_FUNCTION = YES;
				GCC_WARN_UNUSED_VARIABLE = YES;
				IPHONEOS_DEPLOYMENT_TARGET = 12.1;
				MTL_ENABLE_DEBUG_INFO = NO;
				MTL_FAST_MATH = YES;
				SDKROOT = iphoneos;
				SWIFT_COMPILATION_MODE = wholemodule;
				SWIFT_OPTIMIZATION_LEVEL = "-O";
				VALIDATE_PRODUCT = YES;
			};
			name = Release;
		};
		7FE8FF1F23E0C8B400E4785D /* Debug */ = {
			isa = XCBuildConfiguration;
			buildSettings = {
				ASSETCATALOG_COMPILER_APPICON_NAME = AppIcon;
				CODE_SIGN_STYLE = Automatic;
				DEVELOPMENT_TEAM = 28C6HLJXWC;
				INFOPLIST_FILE = HackwichTwo/Info.plist;
				LD_RUNPATH_SEARCH_PATHS = (
					"$(inherited)",
					"@executable_path/Frameworks",
				);
				PRODUCT_BUNDLE_IDENTIFIER = UHWO.HackwichTwo;
				PRODUCT_NAME = "$(TARGET_NAME)";
				SWIFT_VERSION = 4.2;
				TARGETED_DEVICE_FAMILY = "1,2";
			};
			name = Debug;
		};
		7FE8FF2023E0C8B400E4785D /* Release */ = {
			isa = XCBuildConfiguration;
			buildSettings = {
				ASSETCATALOG_COMPILER_APPICON_NAME = AppIcon;
				CODE_SIGN_STYLE = Automatic;
				DEVELOPMENT_TEAM = 28C6HLJXWC;
				INFOPLIST_FILE = HackwichTwo/Info.plist;
				LD_RUNPATH_SEARCH_PATHS = (
					"$(inherited)",
					"@executable_path/Frameworks",
				);
				PRODUCT_BUNDLE_IDENTIFIER = UHWO.HackwichTwo;
				PRODUCT_NAME = "$(TARGET_NAME)";
				SWIFT_VERSION = 4.2;
				TARGETED_DEVICE_FAMILY = "1,2";
			};
			name = Release;
		};
		7FE8FF2223E0C8B400E4785D /* Debug */ = {
			isa = XCBuildConfiguration;
			buildSettings = {
				ALWAYS_EMBED_SWIFT_STANDARD_LIBRARIES = YES;
				BUNDLE_LOADER = "$(TEST_HOST)";
				CODE_SIGN_STYLE = Automatic;
				DEVELOPMENT_TEAM = 28C6HLJXWC;
				INFOPLIST_FILE = HackwichTwoTests/Info.plist;
				LD_RUNPATH_SEARCH_PATHS = (
					"$(inherited)",
					"@executable_path/Frameworks",
					"@loader_path/Frameworks",
				);
				PRODUCT_BUNDLE_IDENTIFIER = UHWO.HackwichTwoTests;
				PRODUCT_NAME = "$(TARGET_NAME)";
				SWIFT_VERSION = 4.2;
				TARGETED_DEVICE_FAMILY = "1,2";
				TEST_HOST = "$(BUILT_PRODUCTS_DIR)/HackwichTwo.app/HackwichTwo";
			};
			name = Debug;
		};
		7FE8FF2323E0C8B400E4785D /* Release */ = {
			isa = XCBuildConfiguration;
			buildSettings = {
				ALWAYS_EMBED_SWIFT_STANDARD_LIBRARIES = YES;
				BUNDLE_LOADER = "$(TEST_HOST)";
				CODE_SIGN_STYLE = Automatic;
				DEVELOPMENT_TEAM = 28C6HLJXWC;
				INFOPLIST_FILE = HackwichTwoTests/Info.plist;
				LD_RUNPATH_SEARCH_PATHS = (
					"$(inherited)",
					"@executable_path/Frameworks",
					"@loader_path/Frameworks",
				);
				PRODUCT_BUNDLE_IDENTIFIER = UHWO.HackwichTwoTests;
				PRODUCT_NAME = "$(TARGET_NAME)";
				SWIFT_VERSION = 4.2;
				TARGETED_DEVICE_FAMILY = "1,2";
				TEST_HOST = "$(BUILT_PRODUCTS_DIR)/HackwichTwo.app/HackwichTwo";
			};
			name = Release;
		};
		7FE8FF2523E0C8B400E4785D /* Debug */ = {
			isa = XCBuildConfiguration;
			buildSettings = {
				ALWAYS_EMBED_SWIFT_STANDARD_LIBRARIES = YES;
				CODE_SIGN_STYLE = Automatic;
				DEVELOPMENT_TEAM = 28C6HLJXWC;
				INFOPLIST_FILE = HackwichTwoUITests/Info.plist;
				LD_RUNPATH_SEARCH_PATHS = (
					"$(inherited)",
					"@executable_path/Frameworks",
					"@loader_path/Frameworks",
				);
				PRODUCT_BUNDLE_IDENTIFIER = UHWO.HackwichTwoUITests;
				PRODUCT_NAME = "$(TARGET_NAME)";
				SWIFT_VERSION = 4.2;
				TARGETED_DEVICE_FAMILY = "1,2";
				TEST_TARGET_NAME = HackwichTwo;
			};
			name = Debug;
		};
		7FE8FF2623E0C8B400E4785D /* Release */ = {
			isa = XCBuildConfiguration;
			buildSettings = {
				ALWAYS_EMBED_SWIFT_STANDARD_LIBRARIES = YES;
				CODE_SIGN_STYLE = Automatic;
				DEVELOPMENT_TEAM = 28C6HLJXWC;
				INFOPLIST_FILE = HackwichTwoUITests/Info.plist;
				LD_RUNPATH_SEARCH_PATHS = (
					"$(inherited)",
					"@executable_path/Frameworks",
					"@loader_path/Frameworks",
				);
				PRODUCT_BUNDLE_IDENTIFIER = UHWO.HackwichTwoUITests;
				PRODUCT_NAME = "$(TARGET_NAME)";
				SWIFT_VERSION = 4.2;
				TARGETED_DEVICE_FAMILY = "1,2";
				TEST_TARGET_NAME = HackwichTwo;
			};
			name = Release;
		};
/* End XCBuildConfiguration section */

/* Begin XCConfigurationList section */
		7FE8FEF123E0C8B000E4785D /* Build configuration list for PBXProject "HackwichTwo" */ = {
			isa = XCConfigurationList;
			buildConfigurations = (
				7FE8FF1C23E0C8B400E4785D /* Debug */,
				7FE8FF1D23E0C8B400E4785D /* Release */,
			);
			defaultConfigurationIsVisible = 0;
			defaultConfigurationName = Release;
		};
		7FE8FF1E23E0C8B400E4785D /* Build configuration list for PBXNativeTarget "HackwichTwo" */ = {
			isa = XCConfigurationList;
			buildConfigurations = (
				7FE8FF1F23E0C8B400E4785D /* Debug */,
				7FE8FF2023E0C8B400E4785D /* Release */,
			);
			defaultConfigurationIsVisible = 0;
			defaultConfigurationName = Release;
		};
		7FE8FF2123E0C8B400E4785D /* Build configuration list for PBXNativeTarget "HackwichTwoTests" */ = {
			isa = XCConfigurationList;
			buildConfigurations = (
				7FE8FF2223E0C8B400E4785D /* Debug */,
				7FE8FF2323E0C8B400E4785D /* Release */,
			);
			defaultConfigurationIsVisible = 0;
			defaultConfigurationName = Release;
		};
		7FE8FF2423E0C8B400E4785D /* Build configuration list for PBXNativeTarget "HackwichTwoUITests" */ = {
			isa = XCConfigurationList;
			buildConfigurations = (
				7FE8FF2523E0C8B400E4785D /* Debug */,
				7FE8FF2623E0C8B400E4785D /* Release */,
			);
			defaultConfigurationIsVisible = 0;
			defaultConfigurationName = Release;
		};
/* End XCConfigurationList section */
	};
	rootObject = 7FE8FEEE23E0C8B000E4785D /* Project object */;
}
